
Microsoft Visual Studio Solution File, Format Version 12.00
# Visual Studio 14
VisualStudioVersion = 14.0.25420.1
MinimumVisualStudioVersion = 10.0.40219.1
Project("{FAE04EC0-301F-11D3-BF4B-00C04F79EFBC}") = "ConsoleCommandProcessor.Sample", "ConsoleCommandProcessor.Sample\ConsoleCommandProcessor.Sample.csproj", "{2939AEDF-AFB2-4E3E-B54A-E680F16DB754}"
EndProject
Project("{FAE04EC0-301F-11D3-BF4B-00C04F79EFBC}") = "ConsoleCommandProcessor.Library", "ConsoleCommandProcessor.Library\ConsoleCommandProcessor.Library.csproj", "{5E76C895-E694-4D72-8C22-C32E73033853}"
EndProject
Project("{FAE04EC0-301F-11D3-BF4B-00C04F79EFBC}") = "ConsoleCommandProcessor.Tests", "ConsoleCommandProcessor.Tests\ConsoleCommandProcessor.Tests.csproj", "{A429408F-7F85-442B-B715-69524AEA5740}"
EndProject
Global
	GlobalSection(SolutionConfigurationPlatforms) = preSolution
		Debug|Any CPU = Debug|Any CPU
		Release|Any CPU = Release|Any CPU
	EndGlobalSection
	GlobalSection(ProjectConfigurationPlatforms) = postSolution
		{2939AEDF-AFB2-4E3E-B54A-E680F16DB754}.Debug|Any CPU.ActiveCfg = Debug|Any CPU
		{2939AEDF-AFB2-4E3E-B54A-E680F16DB754}.Debug|Any CPU.Build.0 = Debug|Any CPU
		{2939AEDF-AFB2-4E3E-B54A-E680F16DB754}.Release|Any CPU.ActiveCfg = Release|Any CPU
		{2939AEDF-AFB2-4E3E-B54A-E680F16DB754}.Release|Any CPU.Build.0 = Release|Any CPU
		{5E76C895-E694-4D72-8C22-C32E73033853}.Debug|Any CPU.ActiveCfg = Debug|Any CPU
		{5E76C895-E694-4D72-8C22-C32E73033853}.Debug|Any CPU.Build.0 = Debug|Any CPU
		{5E76C895-E694-4D72-8C22-C32E73033853}.Release|Any CPU.ActiveCfg = Release|Any CPU
		{5E76C895-E694-4D72-8C22-C32E73033853}.Release|Any CPU.Build.0 = Release|Any CPU
		{A429408F-7F85-442B-B715-69524AEA5740}.Debug|Any CPU.ActiveCfg = Debug|Any CPU
		{A429408F-7F85-442B-B715-69524AEA5740}.Debug|Any CPU.Build.0 = Debug|Any CPU
		{A429408F-7F85-442B-B715-69524AEA5740}.Release|Any CPU.ActiveCfg = Release|Any CPU
		{A429408F-7F85-442B-B715-69524AEA5740}.Release|Any CPU.Build.0 = Release|Any CPU
	EndGlobalSection
	GlobalSection(SolutionProperties) = preSolution
		HideSolutionNode = FALSE
	EndGlobalSection
EndGlobal
